
Microsoft Visual Studio Solution File, Format Version 12.00
# Visual Studio 15
VisualStudioVersion = 15.0.27130.2027
MinimumVisualStudioVersion = 10.0.40219.1
Project("{FAE04EC0-301F-11D3-BF4B-00C04F79EFBC}") = "Primes", "Primes\Primes.csproj", "{4713E6DE-5BBE-46F8-BB9F-4D51A938636D}"
EndProject
Project("{FAE04EC0-301F-11D3-BF4B-00C04F79EFBC}") = "PrimeTester", "PrimeTester\PrimeTester.csproj", "{045B0714-D3E8-496A-9788-D0628B46C8D1}"
EndProject
Project("{FAE04EC0-301F-11D3-BF4B-00C04F79EFBC}") = "DistinctBallsInDistinctBoxes", "DistinctBallsInDistinctBoxes\DistinctBallsInDistinctBoxes.csproj", "{258C69C6-EDD4-4979-85B0-0FADD8541745}"
EndProject
Project("{FAE04EC0-301F-11D3-BF4B-00C04F79EFBC}") = "Permute", "Permute\Permute.csproj", "{56F140DD-BCD1-4D9B-8DD0-B64ED9040894}"
EndProject
Project("{8BC9CEB8-8B4A-11D0-8D11-00A0C91BC942}") = "LargeIntegers", "LargeIntegers\LargeIntegers.vcxproj", "{D44847B3-4246-4C85-985C-3B8F2D03CA03}"
EndProject
Project("{8BC9CEB8-8B4A-11D0-8D11-00A0C91BC942}") = "GraphSearch", "GraphSearch\GraphSearch.vcxproj", "{6744AFEC-CB7B-487F-92FB-2D3DCEFDE498}"
EndProject
Project("{FAE04EC0-301F-11D3-BF4B-00C04F79EFBC}") = "ParallelPolymer", "ParallelPolymer\ParallelPolymer.csproj", "{B2DAFAC3-CA9F-40AD-A64F-0F474E7251DD}"
EndProject
Project("{FAE04EC0-301F-11D3-BF4B-00C04F79EFBC}") = "CopyPasteGame", "CopyPasteGame\CopyPasteGame.csproj", "{EEEF0830-0576-4621-91E0-BA5C4717BDC8}"
EndProject
Project("{8BC9CEB8-8B4A-11D0-8D11-00A0C91BC942}") = "BasicCiphers", "BasicCiphers\BasicCiphers.vcxproj", "{103235A2-706A-4BC4-9362-2002BDC09EBF}"
EndProject
Project("{FAE04EC0-301F-11D3-BF4B-00C04F79EFBC}") = "SymetricSubstitutionCipherBreaker", "SymetricSubstitutionCipherBreaker\SymetricSubstitutionCipherBreaker.csproj", "{DCF47608-8E25-44E4-8AFA-DDE578062DBF}"
EndProject
Project("{FAE04EC0-301F-11D3-BF4B-00C04F79EFBC}") = "EuclidianTester", "EuclidianTester\EuclidianTester.csproj", "{1AB121B7-B998-4E0C-A6E3-4F620D56617A}"
EndProject
Project("{FAE04EC0-301F-11D3-BF4B-00C04F79EFBC}") = "Networks", "Networks\Networks.csproj", "{9C0119D8-543E-428C-8103-99B20935E6F9}"
	ProjectSection(ProjectDependencies) = postProject
		{1E2B61B2-7F03-4A3D-A4AC-042CA6A13B63} = {1E2B61B2-7F03-4A3D-A4AC-042CA6A13B63}
	EndProjectSection
EndProject
Project("{FAE04EC0-301F-11D3-BF4B-00C04F79EFBC}") = "Graphs", "Graphs\Graphs.csproj", "{1E2B61B2-7F03-4A3D-A4AC-042CA6A13B63}"
EndProject
Project("{FAE04EC0-301F-11D3-BF4B-00C04F79EFBC}") = "Cryptography", "Cryptography\Cryptography.csproj", "{740444DD-C249-47B0-8F92-FFD698D29B19}"
EndProject
Project("{DA7A21FA-8162-4350-AD77-A8D1B671F3ED}") = "NumericalAnalysis", "NumericalAnalysis\NumericalAnalysis.rxproj", "{24B5FF02-2F6C-40C2-8C47-D71CB5A060F4}"
EndProject
Project("{8BC9CEB8-8B4A-11D0-8D11-00A0C91BC942}") = "MathLibrary", "MathLibrary\MathLibrary.vcxproj", "{55B7C5F4-A906-47F7-9592-9EF8AE30919C}"
EndProject
Project("{8BC9CEB8-8B4A-11D0-8D11-00A0C91BC942}") = "AdamHonors", "AdamHonors\AdamHonors.vcxproj", "{7F950F23-75C9-4E5D-B40B-11D2DF10901C}"
EndProject
Project("{FAE04EC0-301F-11D3-BF4B-00C04F79EFBC}") = "AdamHonorsQuickDirty", "AdamHonorsQuickDirty\AdamHonorsQuickDirty.csproj", "{BD22634E-2D59-4CB0-A197-1A8B64B8A24F}"
EndProject
Global
	GlobalSection(SolutionConfigurationPlatforms) = preSolution
		Debug|Any CPU = Debug|Any CPU
		Debug|x64 = Debug|x64
		Debug|x86 = Debug|x86
		Release|Any CPU = Release|Any CPU
		Release|x64 = Release|x64
		Release|x86 = Release|x86
	EndGlobalSection
	GlobalSection(ProjectConfigurationPlatforms) = postSolution
		{4713E6DE-5BBE-46F8-BB9F-4D51A938636D}.Debug|Any CPU.ActiveCfg = Debug|Any CPU
		{4713E6DE-5BBE-46F8-BB9F-4D51A938636D}.Debug|Any CPU.Build.0 = Debug|Any CPU
		{4713E6DE-5BBE-46F8-BB9F-4D51A938636D}.Debug|x64.ActiveCfg = Debug|Any CPU
		{4713E6DE-5BBE-46F8-BB9F-4D51A938636D}.Debug|x64.Build.0 = Debug|Any CPU
		{4713E6DE-5BBE-46F8-BB9F-4D51A938636D}.Debug|x86.ActiveCfg = Debug|Any CPU
		{4713E6DE-5BBE-46F8-BB9F-4D51A938636D}.Debug|x86.Build.0 = Debug|Any CPU
		{4713E6DE-5BBE-46F8-BB9F-4D51A938636D}.Release|Any CPU.ActiveCfg = Release|Any CPU
		{4713E6DE-5BBE-46F8-BB9F-4D51A938636D}.Release|Any CPU.Build.0 = Release|Any CPU
		{4713E6DE-5BBE-46F8-BB9F-4D51A938636D}.Release|x64.ActiveCfg = Release|Any CPU
		{4713E6DE-5BBE-46F8-BB9F-4D51A938636D}.Release|x64.Build.0 = Release|Any CPU
		{4713E6DE-5BBE-46F8-BB9F-4D51A938636D}.Release|x86.ActiveCfg = Release|Any CPU
		{4713E6DE-5BBE-46F8-BB9F-4D51A938636D}.Release|x86.Build.0 = Release|Any CPU
		{045B0714-D3E8-496A-9788-D0628B46C8D1}.Debug|Any CPU.ActiveCfg = Debug|Any CPU
		{045B0714-D3E8-496A-9788-D0628B46C8D1}.Debug|Any CPU.Build.0 = Debug|Any CPU
		{045B0714-D3E8-496A-9788-D0628B46C8D1}.Debug|x64.ActiveCfg = Debug|Any CPU
		{045B0714-D3E8-496A-9788-D0628B46C8D1}.Debug|x64.Build.0 = Debug|Any CPU
		{045B0714-D3E8-496A-9788-D0628B46C8D1}.Debug|x86.ActiveCfg = Debug|Any CPU
		{045B0714-D3E8-496A-9788-D0628B46C8D1}.Debug|x86.Build.0 = Debug|Any CPU
		{045B0714-D3E8-496A-9788-D0628B46C8D1}.Release|Any CPU.ActiveCfg = Release|Any CPU
		{045B0714-D3E8-496A-9788-D0628B46C8D1}.Release|Any CPU.Build.0 = Release|Any CPU
		{045B0714-D3E8-496A-9788-D0628B46C8D1}.Release|x64.ActiveCfg = Release|Any CPU
		{045B0714-D3E8-496A-9788-D0628B46C8D1}.Release|x64.Build.0 = Release|Any CPU
		{045B0714-D3E8-496A-9788-D0628B46C8D1}.Release|x86.ActiveCfg = Release|Any CPU
		{045B0714-D3E8-496A-9788-D0628B46C8D1}.Release|x86.Build.0 = Release|Any CPU
		{258C69C6-EDD4-4979-85B0-0FADD8541745}.Debug|Any CPU.ActiveCfg = Debug|Any CPU
		{258C69C6-EDD4-4979-85B0-0FADD8541745}.Debug|Any CPU.Build.0 = Debug|Any CPU
		{258C69C6-EDD4-4979-85B0-0FADD8541745}.Debug|x64.ActiveCfg = Debug|Any CPU
		{258C69C6-EDD4-4979-85B0-0FADD8541745}.Debug|x64.Build.0 = Debug|Any CPU
		{258C69C6-EDD4-4979-85B0-0FADD8541745}.Debug|x86.ActiveCfg = Debug|Any CPU
		{258C69C6-EDD4-4979-85B0-0FADD8541745}.Debug|x86.Build.0 = Debug|Any CPU
		{258C69C6-EDD4-4979-85B0-0FADD8541745}.Release|Any CPU.ActiveCfg = Release|Any CPU
		{258C69C6-EDD4-4979-85B0-0FADD8541745}.Release|Any CPU.Build.0 = Release|Any CPU
		{258C69C6-EDD4-4979-85B0-0FADD8541745}.Release|x64.ActiveCfg = Release|Any CPU
		{258C69C6-EDD4-4979-85B0-0FADD8541745}.Release|x64.Build.0 = Release|Any CPU
		{258C69C6-EDD4-4979-85B0-0FADD8541745}.Release|x86.ActiveCfg = Release|Any CPU
		{258C69C6-EDD4-4979-85B0-0FADD8541745}.Release|x86.Build.0 = Release|Any CPU
		{56F140DD-BCD1-4D9B-8DD0-B64ED9040894}.Debug|Any CPU.ActiveCfg = Debug|Any CPU
		{56F140DD-BCD1-4D9B-8DD0-B64ED9040894}.Debug|Any CPU.Build.0 = Debug|Any CPU
		{56F140DD-BCD1-4D9B-8DD0-B64ED9040894}.Debug|x64.ActiveCfg = Debug|Any CPU
		{56F140DD-BCD1-4D9B-8DD0-B64ED9040894}.Debug|x64.Build.0 = Debug|Any CPU
		{56F140DD-BCD1-4D9B-8DD0-B64ED9040894}.Debug|x86.ActiveCfg = Debug|Any CPU
		{56F140DD-BCD1-4D9B-8DD0-B64ED9040894}.Debug|x86.Build.0 = Debug|Any CPU
		{56F140DD-BCD1-4D9B-8DD0-B64ED9040894}.Release|Any CPU.ActiveCfg = Release|Any CPU
		{56F140DD-BCD1-4D9B-8DD0-B64ED9040894}.Release|Any CPU.Build.0 = Release|Any CPU
		{56F140DD-BCD1-4D9B-8DD0-B64ED9040894}.Release|x64.ActiveCfg = Release|Any CPU
		{56F140DD-BCD1-4D9B-8DD0-B64ED9040894}.Release|x64.Build.0 = Release|Any CPU
		{56F140DD-BCD1-4D9B-8DD0-B64ED9040894}.Release|x86.ActiveCfg = Release|Any CPU
		{56F140DD-BCD1-4D9B-8DD0-B64ED9040894}.Release|x86.Build.0 = Release|Any CPU
		{D44847B3-4246-4C85-985C-3B8F2D03CA03}.Debug|Any CPU.ActiveCfg = Debug|Win32
		{D44847B3-4246-4C85-985C-3B8F2D03CA03}.Debug|Any CPU.Build.0 = Debug|Win32
		{D44847B3-4246-4C85-985C-3B8F2D03CA03}.Debug|x64.ActiveCfg = Debug|x64
		{D44847B3-4246-4C85-985C-3B8F2D03CA03}.Debug|x64.Build.0 = Debug|x64
		{D44847B3-4246-4C85-985C-3B8F2D03CA03}.Debug|x86.ActiveCfg = Debug|Win32
		{D44847B3-4246-4C85-985C-3B8F2D03CA03}.Debug|x86.Build.0 = Debug|Win32
		{D44847B3-4246-4C85-985C-3B8F2D03CA03}.Release|Any CPU.ActiveCfg = Release|Win32
		{D44847B3-4246-4C85-985C-3B8F2D03CA03}.Release|x64.ActiveCfg = Release|x64
		{D44847B3-4246-4C85-985C-3B8F2D03CA03}.Release|x64.Build.0 = Release|x64
		{D44847B3-4246-4C85-985C-3B8F2D03CA03}.Release|x86.ActiveCfg = Release|Win32
		{D44847B3-4246-4C85-985C-3B8F2D03CA03}.Release|x86.Build.0 = Release|Win32
		{6744AFEC-CB7B-487F-92FB-2D3DCEFDE498}.Debug|Any CPU.ActiveCfg = Debug|Win32
		{6744AFEC-CB7B-487F-92FB-2D3DCEFDE498}.Debug|Any CPU.Build.0 = Debug|Win32
		{6744AFEC-CB7B-487F-92FB-2D3DCEFDE498}.Debug|x64.ActiveCfg = Debug|x64
		{6744AFEC-CB7B-487F-92FB-2D3DCEFDE498}.Debug|x64.Build.0 = Debug|x64
		{6744AFEC-CB7B-487F-92FB-2D3DCEFDE498}.Debug|x86.ActiveCfg = Debug|Win32
		{6744AFEC-CB7B-487F-92FB-2D3DCEFDE498}.Debug|x86.Build.0 = Debug|Win32
		{6744AFEC-CB7B-487F-92FB-2D3DCEFDE498}.Release|Any CPU.ActiveCfg = Release|Win32
		{6744AFEC-CB7B-487F-92FB-2D3DCEFDE498}.Release|x64.ActiveCfg = Release|x64
		{6744AFEC-CB7B-487F-92FB-2D3DCEFDE498}.Release|x64.Build.0 = Release|x64
		{6744AFEC-CB7B-487F-92FB-2D3DCEFDE498}.Release|x86.ActiveCfg = Release|Win32
		{6744AFEC-CB7B-487F-92FB-2D3DCEFDE498}.Release|x86.Build.0 = Release|Win32
		{B2DAFAC3-CA9F-40AD-A64F-0F474E7251DD}.Debug|Any CPU.ActiveCfg = Debug|Any CPU
		{B2DAFAC3-CA9F-40AD-A64F-0F474E7251DD}.Debug|Any CPU.Build.0 = Debug|Any CPU
		{B2DAFAC3-CA9F-40AD-A64F-0F474E7251DD}.Debug|x64.ActiveCfg = Debug|Any CPU
		{B2DAFAC3-CA9F-40AD-A64F-0F474E7251DD}.Debug|x64.Build.0 = Debug|Any CPU
		{B2DAFAC3-CA9F-40AD-A64F-0F474E7251DD}.Debug|x86.ActiveCfg = Debug|Any CPU
		{B2DAFAC3-CA9F-40AD-A64F-0F474E7251DD}.Debug|x86.Build.0 = Debug|Any CPU
		{B2DAFAC3-CA9F-40AD-A64F-0F474E7251DD}.Release|Any CPU.ActiveCfg = Release|Any CPU
		{B2DAFAC3-CA9F-40AD-A64F-0F474E7251DD}.Release|Any CPU.Build.0 = Release|Any CPU
		{B2DAFAC3-CA9F-40AD-A64F-0F474E7251DD}.Release|x64.ActiveCfg = Release|Any CPU
		{B2DAFAC3-CA9F-40AD-A64F-0F474E7251DD}.Release|x64.Build.0 = Release|Any CPU
		{B2DAFAC3-CA9F-40AD-A64F-0F474E7251DD}.Release|x86.ActiveCfg = Release|Any CPU
		{B2DAFAC3-CA9F-40AD-A64F-0F474E7251DD}.Release|x86.Build.0 = Release|Any CPU
		{EEEF0830-0576-4621-91E0-BA5C4717BDC8}.Debug|Any CPU.ActiveCfg = Debug|Any CPU
		{EEEF0830-0576-4621-91E0-BA5C4717BDC8}.Debug|Any CPU.Build.0 = Debug|Any CPU
		{EEEF0830-0576-4621-91E0-BA5C4717BDC8}.Debug|x64.ActiveCfg = Debug|Any CPU
		{EEEF0830-0576-4621-91E0-BA5C4717BDC8}.Debug|x64.Build.0 = Debug|Any CPU
		{EEEF0830-0576-4621-91E0-BA5C4717BDC8}.Debug|x86.ActiveCfg = Debug|Any CPU
		{EEEF0830-0576-4621-91E0-BA5C4717BDC8}.Debug|x86.Build.0 = Debug|Any CPU
		{EEEF0830-0576-4621-91E0-BA5C4717BDC8}.Release|Any CPU.ActiveCfg = Release|Any CPU
		{EEEF0830-0576-4621-91E0-BA5C4717BDC8}.Release|Any CPU.Build.0 = Release|Any CPU
		{EEEF0830-0576-4621-91E0-BA5C4717BDC8}.Release|x64.ActiveCfg = Release|Any CPU
		{EEEF0830-0576-4621-91E0-BA5C4717BDC8}.Release|x64.Build.0 = Release|Any CPU
		{EEEF0830-0576-4621-91E0-BA5C4717BDC8}.Release|x86.ActiveCfg = Release|Any CPU
		{EEEF0830-0576-4621-91E0-BA5C4717BDC8}.Release|x86.Build.0 = Release|Any CPU
		{103235A2-706A-4BC4-9362-2002BDC09EBF}.Debug|Any CPU.ActiveCfg = Debug|Win32
		{103235A2-706A-4BC4-9362-2002BDC09EBF}.Debug|Any CPU.Build.0 = Debug|Win32
		{103235A2-706A-4BC4-9362-2002BDC09EBF}.Debug|x64.ActiveCfg = Debug|x64
		{103235A2-706A-4BC4-9362-2002BDC09EBF}.Debug|x64.Build.0 = Debug|x64
		{103235A2-706A-4BC4-9362-2002BDC09EBF}.Debug|x86.ActiveCfg = Debug|Win32
		{103235A2-706A-4BC4-9362-2002BDC09EBF}.Debug|x86.Build.0 = Debug|Win32
		{103235A2-706A-4BC4-9362-2002BDC09EBF}.Release|Any CPU.ActiveCfg = Release|Win32
		{103235A2-706A-4BC4-9362-2002BDC09EBF}.Release|x64.ActiveCfg = Release|x64
		{103235A2-706A-4BC4-9362-2002BDC09EBF}.Release|x64.Build.0 = Release|x64
		{103235A2-706A-4BC4-9362-2002BDC09EBF}.Release|x86.ActiveCfg = Release|Win32
		{103235A2-706A-4BC4-9362-2002BDC09EBF}.Release|x86.Build.0 = Release|Win32
		{DCF47608-8E25-44E4-8AFA-DDE578062DBF}.Debug|Any CPU.ActiveCfg = Debug|Any CPU
		{DCF47608-8E25-44E4-8AFA-DDE578062DBF}.Debug|Any CPU.Build.0 = Debug|Any CPU
		{DCF47608-8E25-44E4-8AFA-DDE578062DBF}.Debug|x64.ActiveCfg = Debug|Any CPU
		{DCF47608-8E25-44E4-8AFA-DDE578062DBF}.Debug|x64.Build.0 = Debug|Any CPU
		{DCF47608-8E25-44E4-8AFA-DDE578062DBF}.Debug|x86.ActiveCfg = Debug|Any CPU
		{DCF47608-8E25-44E4-8AFA-DDE578062DBF}.Debug|x86.Build.0 = Debug|Any CPU
		{DCF47608-8E25-44E4-8AFA-DDE578062DBF}.Release|Any CPU.ActiveCfg = Release|Any CPU
		{DCF47608-8E25-44E4-8AFA-DDE578062DBF}.Release|Any CPU.Build.0 = Release|Any CPU
		{DCF47608-8E25-44E4-8AFA-DDE578062DBF}.Release|x64.ActiveCfg = Release|Any CPU
		{DCF47608-8E25-44E4-8AFA-DDE578062DBF}.Release|x64.Build.0 = Release|Any CPU
		{DCF47608-8E25-44E4-8AFA-DDE578062DBF}.Release|x86.ActiveCfg = Release|Any CPU
		{DCF47608-8E25-44E4-8AFA-DDE578062DBF}.Release|x86.Build.0 = Release|Any CPU
		{1AB121B7-B998-4E0C-A6E3-4F620D56617A}.Debug|Any CPU.ActiveCfg = Debug|Any CPU
		{1AB121B7-B998-4E0C-A6E3-4F620D56617A}.Debug|Any CPU.Build.0 = Debug|Any CPU
		{1AB121B7-B998-4E0C-A6E3-4F620D56617A}.Debug|x64.ActiveCfg = Debug|Any CPU
		{1AB121B7-B998-4E0C-A6E3-4F620D56617A}.Debug|x64.Build.0 = Debug|Any CPU
		{1AB121B7-B998-4E0C-A6E3-4F620D56617A}.Debug|x86.ActiveCfg = Debug|Any CPU
		{1AB121B7-B998-4E0C-A6E3-4F620D56617A}.Debug|x86.Build.0 = Debug|Any CPU
		{1AB121B7-B998-4E0C-A6E3-4F620D56617A}.Release|Any CPU.ActiveCfg = Release|Any CPU
		{1AB121B7-B998-4E0C-A6E3-4F620D56617A}.Release|Any CPU.Build.0 = Release|Any CPU
		{1AB121B7-B998-4E0C-A6E3-4F620D56617A}.Release|x64.ActiveCfg = Release|Any CPU
		{1AB121B7-B998-4E0C-A6E3-4F620D56617A}.Release|x64.Build.0 = Release|Any CPU
		{1AB121B7-B998-4E0C-A6E3-4F620D56617A}.Release|x86.ActiveCfg = Release|Any CPU
		{1AB121B7-B998-4E0C-A6E3-4F620D56617A}.Release|x86.Build.0 = Release|Any CPU
		{9C0119D8-543E-428C-8103-99B20935E6F9}.Debug|Any CPU.ActiveCfg = Debug|Any CPU
		{9C0119D8-543E-428C-8103-99B20935E6F9}.Debug|Any CPU.Build.0 = Debug|Any CPU
		{9C0119D8-543E-428C-8103-99B20935E6F9}.Debug|x64.ActiveCfg = Debug|Any CPU
		{9C0119D8-543E-428C-8103-99B20935E6F9}.Debug|x64.Build.0 = Debug|Any CPU
		{9C0119D8-543E-428C-8103-99B20935E6F9}.Debug|x86.ActiveCfg = Debug|Any CPU
		{9C0119D8-543E-428C-8103-99B20935E6F9}.Debug|x86.Build.0 = Debug|Any CPU
		{9C0119D8-543E-428C-8103-99B20935E6F9}.Release|Any CPU.ActiveCfg = Release|Any CPU
		{9C0119D8-543E-428C-8103-99B20935E6F9}.Release|Any CPU.Build.0 = Release|Any CPU
		{9C0119D8-543E-428C-8103-99B20935E6F9}.Release|x64.ActiveCfg = Release|Any CPU
		{9C0119D8-543E-428C-8103-99B20935E6F9}.Release|x64.Build.0 = Release|Any CPU
		{9C0119D8-543E-428C-8103-99B20935E6F9}.Release|x86.ActiveCfg = Release|Any CPU
		{9C0119D8-543E-428C-8103-99B20935E6F9}.Release|x86.Build.0 = Release|Any CPU
		{1E2B61B2-7F03-4A3D-A4AC-042CA6A13B63}.Debug|Any CPU.ActiveCfg = Debug|Any CPU
		{1E2B61B2-7F03-4A3D-A4AC-042CA6A13B63}.Debug|Any CPU.Build.0 = Debug|Any CPU
		{1E2B61B2-7F03-4A3D-A4AC-042CA6A13B63}.Debug|x64.ActiveCfg = Debug|Any CPU
		{1E2B61B2-7F03-4A3D-A4AC-042CA6A13B63}.Debug|x64.Build.0 = Debug|Any CPU
		{1E2B61B2-7F03-4A3D-A4AC-042CA6A13B63}.Debug|x86.ActiveCfg = Debug|Any CPU
		{1E2B61B2-7F03-4A3D-A4AC-042CA6A13B63}.Debug|x86.Build.0 = Debug|Any CPU
		{1E2B61B2-7F03-4A3D-A4AC-042CA6A13B63}.Release|Any CPU.ActiveCfg = Release|Any CPU
		{1E2B61B2-7F03-4A3D-A4AC-042CA6A13B63}.Release|Any CPU.Build.0 = Release|Any CPU
		{1E2B61B2-7F03-4A3D-A4AC-042CA6A13B63}.Release|x64.ActiveCfg = Release|Any CPU
		{1E2B61B2-7F03-4A3D-A4AC-042CA6A13B63}.Release|x64.Build.0 = Release|Any CPU
		{1E2B61B2-7F03-4A3D-A4AC-042CA6A13B63}.Release|x86.ActiveCfg = Release|Any CPU
		{1E2B61B2-7F03-4A3D-A4AC-042CA6A13B63}.Release|x86.Build.0 = Release|Any CPU
		{740444DD-C249-47B0-8F92-FFD698D29B19}.Debug|Any CPU.ActiveCfg = Debug|Any CPU
		{740444DD-C249-47B0-8F92-FFD698D29B19}.Debug|Any CPU.Build.0 = Debug|Any CPU
		{740444DD-C249-47B0-8F92-FFD698D29B19}.Debug|x64.ActiveCfg = Debug|Any CPU
		{740444DD-C249-47B0-8F92-FFD698D29B19}.Debug|x64.Build.0 = Debug|Any CPU
		{740444DD-C249-47B0-8F92-FFD698D29B19}.Debug|x86.ActiveCfg = Debug|Any CPU
		{740444DD-C249-47B0-8F92-FFD698D29B19}.Debug|x86.Build.0 = Debug|Any CPU
		{740444DD-C249-47B0-8F92-FFD698D29B19}.Release|Any CPU.ActiveCfg = Release|Any CPU
		{740444DD-C249-47B0-8F92-FFD698D29B19}.Release|Any CPU.Build.0 = Release|Any CPU
		{740444DD-C249-47B0-8F92-FFD698D29B19}.Release|x64.ActiveCfg = Release|Any CPU
		{740444DD-C249-47B0-8F92-FFD698D29B19}.Release|x64.Build.0 = Release|Any CPU
		{740444DD-C249-47B0-8F92-FFD698D29B19}.Release|x86.ActiveCfg = Release|Any CPU
		{740444DD-C249-47B0-8F92-FFD698D29B19}.Release|x86.Build.0 = Release|Any CPU
		{24B5FF02-2F6C-40C2-8C47-D71CB5A060F4}.Debug|Any CPU.ActiveCfg = Debug|Any CPU
		{24B5FF02-2F6C-40C2-8C47-D71CB5A060F4}.Debug|Any CPU.Build.0 = Debug|Any CPU
		{24B5FF02-2F6C-40C2-8C47-D71CB5A060F4}.Debug|x64.ActiveCfg = Debug|Any CPU
		{24B5FF02-2F6C-40C2-8C47-D71CB5A060F4}.Debug|x64.Build.0 = Debug|Any CPU
		{24B5FF02-2F6C-40C2-8C47-D71CB5A060F4}.Debug|x86.ActiveCfg = Debug|Any CPU
		{24B5FF02-2F6C-40C2-8C47-D71CB5A060F4}.Debug|x86.Build.0 = Debug|Any CPU
		{24B5FF02-2F6C-40C2-8C47-D71CB5A060F4}.Release|Any CPU.ActiveCfg = Release|Any CPU
		{24B5FF02-2F6C-40C2-8C47-D71CB5A060F4}.Release|Any CPU.Build.0 = Release|Any CPU
		{24B5FF02-2F6C-40C2-8C47-D71CB5A060F4}.Release|x64.ActiveCfg = Release|Any CPU
		{24B5FF02-2F6C-40C2-8C47-D71CB5A060F4}.Release|x64.Build.0 = Release|Any CPU
		{24B5FF02-2F6C-40C2-8C47-D71CB5A060F4}.Release|x86.ActiveCfg = Release|Any CPU
		{24B5FF02-2F6C-40C2-8C47-D71CB5A060F4}.Release|x86.Build.0 = Release|Any CPU
		{55B7C5F4-A906-47F7-9592-9EF8AE30919C}.Debug|Any CPU.ActiveCfg = Debug|Win32
		{55B7C5F4-A906-47F7-9592-9EF8AE30919C}.Debug|x64.ActiveCfg = Debug|x64
		{55B7C5F4-A906-47F7-9592-9EF8AE30919C}.Debug|x64.Build.0 = Debug|x64
		{55B7C5F4-A906-47F7-9592-9EF8AE30919C}.Debug|x86.ActiveCfg = Debug|Win32
		{55B7C5F4-A906-47F7-9592-9EF8AE30919C}.Debug|x86.Build.0 = Debug|Win32
		{55B7C5F4-A906-47F7-9592-9EF8AE30919C}.Release|Any CPU.ActiveCfg = Release|Win32
		{55B7C5F4-A906-47F7-9592-9EF8AE30919C}.Release|x64.ActiveCfg = Release|x64
		{55B7C5F4-A906-47F7-9592-9EF8AE30919C}.Release|x64.Build.0 = Release|x64
		{55B7C5F4-A906-47F7-9592-9EF8AE30919C}.Release|x86.ActiveCfg = Release|Win32
		{55B7C5F4-A906-47F7-9592-9EF8AE30919C}.Release|x86.Build.0 = Release|Win32
		{7F950F23-75C9-4E5D-B40B-11D2DF10901C}.Debug|Any CPU.ActiveCfg = Debug|Win32
		{7F950F23-75C9-4E5D-B40B-11D2DF10901C}.Debug|x64.ActiveCfg = Debug|x64
		{7F950F23-75C9-4E5D-B40B-11D2DF10901C}.Debug|x64.Build.0 = Debug|x64
		{7F950F23-75C9-4E5D-B40B-11D2DF10901C}.Debug|x86.ActiveCfg = Debug|Win32
		{7F950F23-75C9-4E5D-B40B-11D2DF10901C}.Debug|x86.Build.0 = Debug|Win32
		{7F950F23-75C9-4E5D-B40B-11D2DF10901C}.Release|Any CPU.ActiveCfg = Release|Win32
		{7F950F23-75C9-4E5D-B40B-11D2DF10901C}.Release|x64.ActiveCfg = Release|x64
		{7F950F23-75C9-4E5D-B40B-11D2DF10901C}.Release|x64.Build.0 = Release|x64
		{7F950F23-75C9-4E5D-B40B-11D2DF10901C}.Release|x86.ActiveCfg = Release|Win32
		{7F950F23-75C9-4E5D-B40B-11D2DF10901C}.Release|x86.Build.0 = Release|Win32
		{BD22634E-2D59-4CB0-A197-1A8B64B8A24F}.Debug|Any CPU.ActiveCfg = Debug|Any CPU
		{BD22634E-2D59-4CB0-A197-1A8B64B8A24F}.Debug|Any CPU.Build.0 = Debug|Any CPU
		{BD22634E-2D59-4CB0-A197-1A8B64B8A24F}.Debug|x64.ActiveCfg = Debug|Any CPU
		{BD22634E-2D59-4CB0-A197-1A8B64B8A24F}.Debug|x64.Build.0 = Debug|Any CPU
		{BD22634E-2D59-4CB0-A197-1A8B64B8A24F}.Debug|x86.ActiveCfg = Debug|Any CPU
		{BD22634E-2D59-4CB0-A197-1A8B64B8A24F}.Debug|x86.Build.0 = Debug|Any CPU
		{BD22634E-2D59-4CB0-A197-1A8B64B8A24F}.Release|Any CPU.ActiveCfg = Release|Any CPU
		{BD22634E-2D59-4CB0-A197-1A8B64B8A24F}.Release|Any CPU.Build.0 = Release|Any CPU
		{BD22634E-2D59-4CB0-A197-1A8B64B8A24F}.Release|x64.ActiveCfg = Release|Any CPU
		{BD22634E-2D59-4CB0-A197-1A8B64B8A24F}.Release|x64.Build.0 = Release|Any CPU
		{BD22634E-2D59-4CB0-A197-1A8B64B8A24F}.Release|x86.ActiveCfg = Release|Any CPU
		{BD22634E-2D59-4CB0-A197-1A8B64B8A24F}.Release|x86.Build.0 = Release|Any CPU
	EndGlobalSection
	GlobalSection(SolutionProperties) = preSolution
		HideSolutionNode = FALSE
	EndGlobalSection
	GlobalSection(ExtensibilityGlobals) = postSolution
		SolutionGuid = {0F5AFC35-2F8F-4A16-9486-232BD55FA7DA}
	EndGlobalSection
EndGlobal
