
Microsoft Visual Studio Solution File, Format Version 12.00
# Visual Studio 15
VisualStudioVersion = 15.0.26730.10
MinimumVisualStudioVersion = 10.0.40219.1
Project("{FAE04EC0-301F-11D3-BF4B-00C04F79EFBC}") = "Primes", "Primes\Primes.csproj", "{4713E6DE-5BBE-46F8-BB9F-4D51A938636D}"
EndProject
Project("{FAE04EC0-301F-11D3-BF4B-00C04F79EFBC}") = "PrimeTester", "PrimeTester\PrimeTester.csproj", "{045B0714-D3E8-496A-9788-D0628B46C8D1}"
EndProject
Project("{FAE04EC0-301F-11D3-BF4B-00C04F79EFBC}") = "DistinctBallsInDistinctBoxes", "DistinctBallsInDistinctBoxes\DistinctBallsInDistinctBoxes.csproj", "{258C69C6-EDD4-4979-85B0-0FADD8541745}"
EndProject
Project("{FAE04EC0-301F-11D3-BF4B-00C04F79EFBC}") = "Permute", "Permute\Permute.csproj", "{56F140DD-BCD1-4D9B-8DD0-B64ED9040894}"
EndProject
Global
	GlobalSection(SolutionConfigurationPlatforms) = preSolution
		Debug|Any CPU = Debug|Any CPU
		Release|Any CPU = Release|Any CPU
	EndGlobalSection
	GlobalSection(ProjectConfigurationPlatforms) = postSolution
		{4713E6DE-5BBE-46F8-BB9F-4D51A938636D}.Debug|Any CPU.ActiveCfg = Debug|Any CPU
		{4713E6DE-5BBE-46F8-BB9F-4D51A938636D}.Debug|Any CPU.Build.0 = Debug|Any CPU
		{4713E6DE-5BBE-46F8-BB9F-4D51A938636D}.Release|Any CPU.ActiveCfg = Release|Any CPU
		{4713E6DE-5BBE-46F8-BB9F-4D51A938636D}.Release|Any CPU.Build.0 = Release|Any CPU
		{045B0714-D3E8-496A-9788-D0628B46C8D1}.Debug|Any CPU.ActiveCfg = Debug|Any CPU
		{045B0714-D3E8-496A-9788-D0628B46C8D1}.Debug|Any CPU.Build.0 = Debug|Any CPU
		{045B0714-D3E8-496A-9788-D0628B46C8D1}.Release|Any CPU.ActiveCfg = Release|Any CPU
		{045B0714-D3E8-496A-9788-D0628B46C8D1}.Release|Any CPU.Build.0 = Release|Any CPU
		{258C69C6-EDD4-4979-85B0-0FADD8541745}.Debug|Any CPU.ActiveCfg = Debug|Any CPU
		{258C69C6-EDD4-4979-85B0-0FADD8541745}.Debug|Any CPU.Build.0 = Debug|Any CPU
		{258C69C6-EDD4-4979-85B0-0FADD8541745}.Release|Any CPU.ActiveCfg = Release|Any CPU
		{258C69C6-EDD4-4979-85B0-0FADD8541745}.Release|Any CPU.Build.0 = Release|Any CPU
		{56F140DD-BCD1-4D9B-8DD0-B64ED9040894}.Debug|Any CPU.ActiveCfg = Debug|Any CPU
		{56F140DD-BCD1-4D9B-8DD0-B64ED9040894}.Debug|Any CPU.Build.0 = Debug|Any CPU
		{56F140DD-BCD1-4D9B-8DD0-B64ED9040894}.Release|Any CPU.ActiveCfg = Release|Any CPU
		{56F140DD-BCD1-4D9B-8DD0-B64ED9040894}.Release|Any CPU.Build.0 = Release|Any CPU
	EndGlobalSection
	GlobalSection(SolutionProperties) = preSolution
		HideSolutionNode = FALSE
	EndGlobalSection
	GlobalSection(ExtensibilityGlobals) = postSolution
		SolutionGuid = {0F5AFC35-2F8F-4A16-9486-232BD55FA7DA}
	EndGlobalSection
EndGlobal
